
Microsoft Visual Studio Solution File, Format Version 12.00
# Visual Studio 15
VisualStudioVersion = 15.0.26730.3
MinimumVisualStudioVersion = 10.0.40219.1
Project("{9A19103F-16F7-4668-BE54-9A1E7A4F7556}") = "workforceManagement", "workforce-management\workforceManagement.csproj", "{29853265-2632-4DBE-8CBC-38204CD889BC}"
EndProject
Project("{2150E333-8FDC-42A3-9474-1A3956D46DE8}") = "Solution Items", "Solution Items", "{7A5AF681-D5ED-48FD-A01B-D26402987516}"
	ProjectSection(SolutionItems) = preProject
		.gitignore = .gitignore
	EndProjectSection
EndProject
Global
	GlobalSection(SolutionConfigurationPlatforms) = preSolution
		Debug|Any CPU = Debug|Any CPU
		Release|Any CPU = Release|Any CPU
	EndGlobalSection
	GlobalSection(ProjectConfigurationPlatforms) = postSolution
		{29853265-2632-4DBE-8CBC-38204CD889BC}.Debug|Any CPU.ActiveCfg = Debug|Any CPU
		{29853265-2632-4DBE-8CBC-38204CD889BC}.Debug|Any CPU.Build.0 = Debug|Any CPU
		{29853265-2632-4DBE-8CBC-38204CD889BC}.Release|Any CPU.ActiveCfg = Release|Any CPU
		{29853265-2632-4DBE-8CBC-38204CD889BC}.Release|Any CPU.Build.0 = Release|Any CPU
	EndGlobalSection
	GlobalSection(SolutionProperties) = preSolution
		HideSolutionNode = FALSE
	EndGlobalSection
	GlobalSection(ExtensibilityGlobals) = postSolution
		SolutionGuid = {9395E1BF-7F73-4954-B218-C18E85751335}
	EndGlobalSection
EndGlobal
